
Microsoft Visual Studio Solution File, Format Version 12.00
# Visual Studio Version 17
VisualStudioVersion = 17.5.33530.505
MinimumVisualStudioVersion = 10.0.40219.1
Project("{FAE04EC0-301F-11D3-BF4B-00C04F79EFBC}") = "GestoreEventi", "GestoreEventi\GestoreEventi.csproj", "{1D464533-774B-4F91-B108-B7E583A0CE6B}"
EndProject
Global
	GlobalSection(SolutionConfigurationPlatforms) = preSolution
		Debug|Any CPU = Debug|Any CPU
		Release|Any CPU = Release|Any CPU
	EndGlobalSection
	GlobalSection(ProjectConfigurationPlatforms) = postSolution
		{1D464533-774B-4F91-B108-B7E583A0CE6B}.Debug|Any CPU.ActiveCfg = Debug|Any CPU
		{1D464533-774B-4F91-B108-B7E583A0CE6B}.Debug|Any CPU.Build.0 = Debug|Any CPU
		{1D464533-774B-4F91-B108-B7E583A0CE6B}.Release|Any CPU.ActiveCfg = Release|Any CPU
		{1D464533-774B-4F91-B108-B7E583A0CE6B}.Release|Any CPU.Build.0 = Release|Any CPU
	EndGlobalSection
	GlobalSection(SolutionProperties) = preSolution
		HideSolutionNode = FALSE
	EndGlobalSection
	GlobalSection(ExtensibilityGlobals) = postSolution
		SolutionGuid = {68AF1547-F42C-4180-A257-74A69B154D01}
	EndGlobalSection
EndGlobal
